<Solution>
  <Project Path="AuthService/AuthService.csproj" Id="f21d1701-663c-4574-899d-be50b4731509" />
  <Project Path="SharedContracts/SharedContracts.csproj" Id="a17865f4-2a2d-4715-a960-caa832934d39" />
  <Project Path="src/InventoryService/InventoryService.csproj" />
  <Project Path="src/OrderService/OrderService.csproj" />
  <Project Path="src/PaymentService/PaymentService.csproj" />
</Solution>
