<Solution>
  <Project Path="src/AuthService/AuthService.csproj" />
  <Project Path="src/InventoryService/InventoryService.csproj" />
  <Project Path="src/OrderService/OrderService.csproj" />
  <Project Path="src/PaymentService/PaymentService.csproj" />
  <Project Path="src/ProductService/ProductService.csproj" />
  <Project Path="src/SharedContracts/SharedContracts.csproj" />
</Solution>
